
Microsoft Visual Studio Solution File, Format Version 12.00
# Visual Studio Version 17
VisualStudioVersion = 17.3.32922.545
MinimumVisualStudioVersion = 10.0.40219.1
Project("{8BC9CEB8-8B4A-11D0-8D11-00A0C91BC942}") = "ScoreManager", "ScoreManager.vcxproj", "{A3D5134F-F698-4A6B-B144-18ABCF10D38F}"
EndProject
Global
	GlobalSection(SolutionConfigurationPlatforms) = preSolution
		Debug|x64 = Debug|x64
		Debug|x86 = Debug|x86
		Release|x64 = Release|x64
		Release|x86 = Release|x86
	EndGlobalSection
	GlobalSection(ProjectConfigurationPlatforms) = postSolution
		{A3D5134F-F698-4A6B-B144-18ABCF10D38F}.Debug|x64.ActiveCfg = Debug|x64
		{A3D5134F-F698-4A6B-B144-18ABCF10D38F}.Debug|x64.Build.0 = Debug|x64
		{A3D5134F-F698-4A6B-B144-18ABCF10D38F}.Debug|x86.ActiveCfg = Debug|Win32
		{A3D5134F-F698-4A6B-B144-18ABCF10D38F}.Debug|x86.Build.0 = Debug|Win32
		{A3D5134F-F698-4A6B-B144-18ABCF10D38F}.Release|x64.ActiveCfg = Release|x64
		{A3D5134F-F698-4A6B-B144-18ABCF10D38F}.Release|x64.Build.0 = Release|x64
		{A3D5134F-F698-4A6B-B144-18ABCF10D38F}.Release|x86.ActiveCfg = Release|Win32
		{A3D5134F-F698-4A6B-B144-18ABCF10D38F}.Release|x86.Build.0 = Release|Win32
	EndGlobalSection
	GlobalSection(SolutionProperties) = preSolution
		HideSolutionNode = FALSE
	EndGlobalSection
	GlobalSection(ExtensibilityGlobals) = postSolution
		SolutionGuid = {778836D6-6DFC-41BB-A181-112340FD64A8}
	EndGlobalSection
EndGlobal
